
Microsoft Visual Studio Solution File, Format Version 12.00
# Visual Studio Version 17
VisualStudioVersion = 17.11.35312.102
MinimumVisualStudioVersion = 10.0.40219.1
Project("{9A19103F-16F7-4668-BE54-9A1E7A4F7556}") = "FitMyGoela", "FitMyGoela\FitMyGoela.csproj", "{FDED3103-67B0-48AE-8DB1-1B23EB1DB07E}"
EndProject
Global
	GlobalSection(SolutionConfigurationPlatforms) = preSolution
		Debug|Any CPU = Debug|Any CPU
		Release|Any CPU = Release|Any CPU
	EndGlobalSection
	GlobalSection(ProjectConfigurationPlatforms) = postSolution
		{FDED3103-67B0-48AE-8DB1-1B23EB1DB07E}.Debug|Any CPU.ActiveCfg = Debug|Any CPU
		{FDED3103-67B0-48AE-8DB1-1B23EB1DB07E}.Debug|Any CPU.Build.0 = Debug|Any CPU
		{FDED3103-67B0-48AE-8DB1-1B23EB1DB07E}.Release|Any CPU.ActiveCfg = Release|Any CPU
		{FDED3103-67B0-48AE-8DB1-1B23EB1DB07E}.Release|Any CPU.Build.0 = Release|Any CPU
	EndGlobalSection
	GlobalSection(SolutionProperties) = preSolution
		HideSolutionNode = FALSE
	EndGlobalSection
	GlobalSection(ExtensibilityGlobals) = postSolution
		SolutionGuid = {0DD730E1-BD27-4B2B-9A0B-973518C15D97}
	EndGlobalSection
EndGlobal
